
Microsoft Visual Studio Solution File, Format Version 12.00
# Visual Studio 15
VisualStudioVersion = 15.0.27428.2011
MinimumVisualStudioVersion = 10.0.40219.1
Project("{FAE04EC0-301F-11D3-BF4B-00C04F79EFBC}") = "资源搜索神器", "资源搜索神器\资源搜索神器.csproj", "{6671E6B4-57FE-4B39-A4E1-72E8E8A9C7EA}"
EndProject
Global
	GlobalSection(SolutionConfigurationPlatforms) = preSolution
		Debug|Any CPU = Debug|Any CPU
		Release|Any CPU = Release|Any CPU
	EndGlobalSection
	GlobalSection(ProjectConfigurationPlatforms) = postSolution
		{6671E6B4-57FE-4B39-A4E1-72E8E8A9C7EA}.Debug|Any CPU.ActiveCfg = Debug|Any CPU
		{6671E6B4-57FE-4B39-A4E1-72E8E8A9C7EA}.Debug|Any CPU.Build.0 = Debug|Any CPU
		{6671E6B4-57FE-4B39-A4E1-72E8E8A9C7EA}.Release|Any CPU.ActiveCfg = Release|Any CPU
		{6671E6B4-57FE-4B39-A4E1-72E8E8A9C7EA}.Release|Any CPU.Build.0 = Release|Any CPU
	EndGlobalSection
	GlobalSection(SolutionProperties) = preSolution
		HideSolutionNode = FALSE
	EndGlobalSection
	GlobalSection(ExtensibilityGlobals) = postSolution
		SolutionGuid = {4C5FD898-A6B7-49FB-BDEE-6AF6F4ED5487}
	EndGlobalSection
EndGlobal
